<Solution>
  <Folder Name="/src/">
    <Project Path="src/GameServer.Docker.Agent/GameServer.Docker.Agent.csproj" />
    <Project Path="src/GameServer.Docker.Client/GameServer.Docker.Client.csproj" />
    <Project Path="src/GameServer.Docker/GameServer.Docker.csproj" />
    <Project Path="src/GameServer.Web/GameServer.Web.csproj" />
  </Folder>
</Solution>
